
Microsoft Visual Studio Solution File, Format Version 12.00
# Visual Studio 14
VisualStudioVersion = 14.0.25420.1
MinimumVisualStudioVersion = 10.0.40219.1
Project("{FAE04EC0-301F-11D3-BF4B-00C04F79EFBC}") = "StorySkeletonUI", "StorySkeleton\StorySkeletonUI.csproj", "{E8F441AC-C70F-43CF-9A15-37B948CAF25A}"
EndProject
Project("{FAE04EC0-301F-11D3-BF4B-00C04F79EFBC}") = "StoryEngine", "StoryEngine\StoryEngine.csproj", "{454AD953-46D8-4EF8-BAA1-821E8E44013A}"
EndProject
Project("{FAE04EC0-301F-11D3-BF4B-00C04F79EFBC}") = "UnitTests", "UnitTests\UnitTests.csproj", "{23FA304B-E375-42DB-9367-18044558328D}"
EndProject
Global
	GlobalSection(SolutionConfigurationPlatforms) = preSolution
		Debug|Any CPU = Debug|Any CPU
		Debug|ARM = Debug|ARM
		Debug|x64 = Debug|x64
		Debug|x86 = Debug|x86
		Release|Any CPU = Release|Any CPU
		Release|ARM = Release|ARM
		Release|x64 = Release|x64
		Release|x86 = Release|x86
	EndGlobalSection
	GlobalSection(ProjectConfigurationPlatforms) = postSolution
		{E8F441AC-C70F-43CF-9A15-37B948CAF25A}.Debug|Any CPU.ActiveCfg = Debug|Any CPU
		{E8F441AC-C70F-43CF-9A15-37B948CAF25A}.Debug|Any CPU.Build.0 = Debug|Any CPU
		{E8F441AC-C70F-43CF-9A15-37B948CAF25A}.Debug|ARM.ActiveCfg = Debug|Any CPU
		{E8F441AC-C70F-43CF-9A15-37B948CAF25A}.Debug|ARM.Build.0 = Debug|Any CPU
		{E8F441AC-C70F-43CF-9A15-37B948CAF25A}.Debug|x64.ActiveCfg = Debug|Any CPU
		{E8F441AC-C70F-43CF-9A15-37B948CAF25A}.Debug|x64.Build.0 = Debug|Any CPU
		{E8F441AC-C70F-43CF-9A15-37B948CAF25A}.Debug|x86.ActiveCfg = Debug|Any CPU
		{E8F441AC-C70F-43CF-9A15-37B948CAF25A}.Debug|x86.Build.0 = Debug|Any CPU
		{E8F441AC-C70F-43CF-9A15-37B948CAF25A}.Release|Any CPU.ActiveCfg = Release|Any CPU
		{E8F441AC-C70F-43CF-9A15-37B948CAF25A}.Release|Any CPU.Build.0 = Release|Any CPU
		{E8F441AC-C70F-43CF-9A15-37B948CAF25A}.Release|ARM.ActiveCfg = Release|Any CPU
		{E8F441AC-C70F-43CF-9A15-37B948CAF25A}.Release|ARM.Build.0 = Release|Any CPU
		{E8F441AC-C70F-43CF-9A15-37B948CAF25A}.Release|x64.ActiveCfg = Release|Any CPU
		{E8F441AC-C70F-43CF-9A15-37B948CAF25A}.Release|x64.Build.0 = Release|Any CPU
		{E8F441AC-C70F-43CF-9A15-37B948CAF25A}.Release|x86.ActiveCfg = Release|Any CPU
		{E8F441AC-C70F-43CF-9A15-37B948CAF25A}.Release|x86.Build.0 = Release|Any CPU
		{454AD953-46D8-4EF8-BAA1-821E8E44013A}.Debug|Any CPU.ActiveCfg = Debug|Any CPU
		{454AD953-46D8-4EF8-BAA1-821E8E44013A}.Debug|Any CPU.Build.0 = Debug|Any CPU
		{454AD953-46D8-4EF8-BAA1-821E8E44013A}.Debug|ARM.ActiveCfg = Debug|Any CPU
		{454AD953-46D8-4EF8-BAA1-821E8E44013A}.Debug|ARM.Build.0 = Debug|Any CPU
		{454AD953-46D8-4EF8-BAA1-821E8E44013A}.Debug|x64.ActiveCfg = Debug|Any CPU
		{454AD953-46D8-4EF8-BAA1-821E8E44013A}.Debug|x64.Build.0 = Debug|Any CPU
		{454AD953-46D8-4EF8-BAA1-821E8E44013A}.Debug|x86.ActiveCfg = Debug|Any CPU
		{454AD953-46D8-4EF8-BAA1-821E8E44013A}.Debug|x86.Build.0 = Debug|Any CPU
		{454AD953-46D8-4EF8-BAA1-821E8E44013A}.Release|Any CPU.ActiveCfg = Release|Any CPU
		{454AD953-46D8-4EF8-BAA1-821E8E44013A}.Release|Any CPU.Build.0 = Release|Any CPU
		{454AD953-46D8-4EF8-BAA1-821E8E44013A}.Release|ARM.ActiveCfg = Release|Any CPU
		{454AD953-46D8-4EF8-BAA1-821E8E44013A}.Release|ARM.Build.0 = Release|Any CPU
		{454AD953-46D8-4EF8-BAA1-821E8E44013A}.Release|x64.ActiveCfg = Release|Any CPU
		{454AD953-46D8-4EF8-BAA1-821E8E44013A}.Release|x64.Build.0 = Release|Any CPU
		{454AD953-46D8-4EF8-BAA1-821E8E44013A}.Release|x86.ActiveCfg = Release|Any CPU
		{454AD953-46D8-4EF8-BAA1-821E8E44013A}.Release|x86.Build.0 = Release|Any CPU
		{23FA304B-E375-42DB-9367-18044558328D}.Debug|Any CPU.ActiveCfg = Debug|Any CPU
		{23FA304B-E375-42DB-9367-18044558328D}.Debug|Any CPU.Build.0 = Debug|Any CPU
		{23FA304B-E375-42DB-9367-18044558328D}.Debug|ARM.ActiveCfg = Debug|Any CPU
		{23FA304B-E375-42DB-9367-18044558328D}.Debug|ARM.Build.0 = Debug|Any CPU
		{23FA304B-E375-42DB-9367-18044558328D}.Debug|x64.ActiveCfg = Debug|Any CPU
		{23FA304B-E375-42DB-9367-18044558328D}.Debug|x64.Build.0 = Debug|Any CPU
		{23FA304B-E375-42DB-9367-18044558328D}.Debug|x86.ActiveCfg = Debug|Any CPU
		{23FA304B-E375-42DB-9367-18044558328D}.Debug|x86.Build.0 = Debug|Any CPU
		{23FA304B-E375-42DB-9367-18044558328D}.Release|Any CPU.ActiveCfg = Release|Any CPU
		{23FA304B-E375-42DB-9367-18044558328D}.Release|Any CPU.Build.0 = Release|Any CPU
		{23FA304B-E375-42DB-9367-18044558328D}.Release|ARM.ActiveCfg = Release|Any CPU
		{23FA304B-E375-42DB-9367-18044558328D}.Release|ARM.Build.0 = Release|Any CPU
		{23FA304B-E375-42DB-9367-18044558328D}.Release|x64.ActiveCfg = Release|Any CPU
		{23FA304B-E375-42DB-9367-18044558328D}.Release|x64.Build.0 = Release|Any CPU
		{23FA304B-E375-42DB-9367-18044558328D}.Release|x86.ActiveCfg = Release|Any CPU
		{23FA304B-E375-42DB-9367-18044558328D}.Release|x86.Build.0 = Release|Any CPU
	EndGlobalSection
	GlobalSection(SolutionProperties) = preSolution
		HideSolutionNode = FALSE
	EndGlobalSection
EndGlobal
